// !$*UTF8*$!
{
	archiveVersion = 1;
	classes = {
	};
	objectVersion = 50;
	objects = {

/* Begin PBXBuildFile section */
		2C5763BB214255E0004A125D /* LinkList.cpp in Sources */ = {isa = PBXBuildFile; fileRef = 2C5763B921420C49004A125D /* LinkList.cpp */; };
		2C5763BD2144B676004A125D /* Normal.swift in Sources */ = {isa = PBXBuildFile; fileRef = 2C5763BC2144B676004A125D /* Normal.swift */; };
		2C57640D214A5BDC004A125D /* PriorityQueue.swift in Sources */ = {isa = PBXBuildFile; fileRef = 2C57640C214A5BDC004A125D /* PriorityQueue.swift */; };
		2C61A4DC21329A1600CE69A2 /* AppDelegate.swift in Sources */ = {isa = PBXBuildFile; fileRef = 2C61A4DB21329A1600CE69A2 /* AppDelegate.swift */; };
		2C61A4DE21329A1600CE69A2 /* ViewController.swift in Sources */ = {isa = PBXBuildFile; fileRef = 2C61A4DD21329A1600CE69A2 /* ViewController.swift */; };
		2C61A4E121329A1600CE69A2 /* Main.storyboard in Resources */ = {isa = PBXBuildFile; fileRef = 2C61A4DF21329A1600CE69A2 /* Main.storyboard */; };
		2C61A4E321329A1800CE69A2 /* Assets.xcassets in Resources */ = {isa = PBXBuildFile; fileRef = 2C61A4E221329A1800CE69A2 /* Assets.xcassets */; };
		2C61A4E621329A1800CE69A2 /* LaunchScreen.storyboard in Resources */ = {isa = PBXBuildFile; fileRef = 2C61A4E421329A1800CE69A2 /* LaunchScreen.storyboard */; };
		2C61A4EE2132AA5800CE69A2 /* Permute.swift in Sources */ = {isa = PBXBuildFile; fileRef = 2C61A4ED2132AA5800CE69A2 /* Permute.swift */; };
		2C61A4F2213412E400CE69A2 /* WordSearch.swift in Sources */ = {isa = PBXBuildFile; fileRef = 2C61A4F1213412E400CE69A2 /* WordSearch.swift */; };
		2C61A4F421342B0F00CE69A2 /* Subsets.swift in Sources */ = {isa = PBXBuildFile; fileRef = 2C61A4F321342B0F00CE69A2 /* Subsets.swift */; };
		2C61A51E21356EA700CE69A2 /* Tree.swift in Sources */ = {isa = PBXBuildFile; fileRef = 2C61A51D21356EA700CE69A2 /* Tree.swift */; };
		2C84FF34213BCE3600903F23 /* ArraySolution.swift in Sources */ = {isa = PBXBuildFile; fileRef = 2C84FF33213BCE3600903F23 /* ArraySolution.swift */; };
/* End PBXBuildFile section */

/* Begin PBXFileReference section */
		2C5763B821420C48004A125D /* leetcode-Bridging-Header.h */ = {isa = PBXFileReference; lastKnownFileType = sourcecode.c.h; path = "leetcode-Bridging-Header.h"; sourceTree = "<group>"; };
		2C5763B921420C49004A125D /* LinkList.cpp */ = {isa = PBXFileReference; lastKnownFileType = sourcecode.cpp.cpp; path = LinkList.cpp; sourceTree = "<group>"; };
		2C5763BC2144B676004A125D /* Normal.swift */ = {isa = PBXFileReference; lastKnownFileType = sourcecode.swift; path = Normal.swift; sourceTree = "<group>"; };
		2C57640C214A5BDC004A125D /* PriorityQueue.swift */ = {isa = PBXFileReference; lastKnownFileType = sourcecode.swift; path = PriorityQueue.swift; sourceTree = "<group>"; };
		2C61A4D821329A1600CE69A2 /* leetcode.app */ = {isa = PBXFileReference; explicitFileType = wrapper.application; includeInIndex = 0; path = leetcode.app; sourceTree = BUILT_PRODUCTS_DIR; };
		2C61A4DB21329A1600CE69A2 /* AppDelegate.swift */ = {isa = PBXFileReference; lastKnownFileType = sourcecode.swift; path = AppDelegate.swift; sourceTree = "<group>"; };
		2C61A4DD21329A1600CE69A2 /* ViewController.swift */ = {isa = PBXFileReference; lastKnownFileType = sourcecode.swift; path = ViewController.swift; sourceTree = "<group>"; };
		2C61A4E021329A1600CE69A2 /* Base */ = {isa = PBXFileReference; lastKnownFileType = file.storyboard; name = Base; path = Base.lproj/Main.storyboard; sourceTree = "<group>"; };
		2C61A4E221329A1800CE69A2 /* Assets.xcassets */ = {isa = PBXFileReference; lastKnownFileType = folder.assetcatalog; path = Assets.xcassets; sourceTree = "<group>"; };
		2C61A4E521329A1800CE69A2 /* Base */ = {isa = PBXFileReference; lastKnownFileType = file.storyboard; name = Base; path = Base.lproj/LaunchScreen.storyboard; sourceTree = "<group>"; };
		2C61A4E721329A1800CE69A2 /* Info.plist */ = {isa = PBXFileReference; lastKnownFileType = text.plist.xml; path = Info.plist; sourceTree = "<group>"; };
		2C61A4ED2132AA5800CE69A2 /* Permute.swift */ = {isa = PBXFileReference; lastKnownFileType = sourcecode.swift; path = Permute.swift; sourceTree = "<group>"; };
		2C61A4F1213412E400CE69A2 /* WordSearch.swift */ = {isa = PBXFileReference; lastKnownFileType = sourcecode.swift; path = WordSearch.swift; sourceTree = "<group>"; };
		2C61A4F321342B0F00CE69A2 /* Subsets.swift */ = {isa = PBXFileReference; lastKnownFileType = sourcecode.swift; path = Subsets.swift; sourceTree = "<group>"; };
		2C61A51D21356EA700CE69A2 /* Tree.swift */ = {isa = PBXFileReference; lastKnownFileType = sourcecode.swift; path = Tree.swift; sourceTree = "<group>"; };
		2C84FF33213BCE3600903F23 /* ArraySolution.swift */ = {isa = PBXFileReference; lastKnownFileType = sourcecode.swift; path = ArraySolution.swift; sourceTree = "<group>"; };
		2C8AC7F32139120300F35742 /* Trie.swift */ = {isa = PBXFileReference; lastKnownFileType = sourcecode.swift; path = Trie.swift; sourceTree = "<group>"; };
/* End PBXFileReference section */

/* Begin PBXFrameworksBuildPhase section */
		2C61A4D521329A1600CE69A2 /* Frameworks */ = {
			isa = PBXFrameworksBuildPhase;
			buildActionMask = 2147483647;
			files = (
			);
			runOnlyForDeploymentPostprocessing = 0;
		};
/* End PBXFrameworksBuildPhase section */

/* Begin PBXGroup section */
		2C61A4CF21329A1600CE69A2 = {
			isa = PBXGroup;
			children = (
				2C61A4DA21329A1600CE69A2 /* leetcode */,
				2C61A4D921329A1600CE69A2 /* Products */,
			);
			sourceTree = "<group>";
		};
		2C61A4D921329A1600CE69A2 /* Products */ = {
			isa = PBXGroup;
			children = (
				2C61A4D821329A1600CE69A2 /* leetcode.app */,
			);
			name = Products;
			sourceTree = "<group>";
		};
		2C61A4DA21329A1600CE69A2 /* leetcode */ = {
			isa = PBXGroup;
			children = (
				2C61A4DB21329A1600CE69A2 /* AppDelegate.swift */,
				2C61A4DD21329A1600CE69A2 /* ViewController.swift */,
				2C61A4DF21329A1600CE69A2 /* Main.storyboard */,
				2C61A4E221329A1800CE69A2 /* Assets.xcassets */,
				2C61A4E421329A1800CE69A2 /* LaunchScreen.storyboard */,
				2C61A4E721329A1800CE69A2 /* Info.plist */,
				2C61A4ED2132AA5800CE69A2 /* Permute.swift */,
				2C61A4F1213412E400CE69A2 /* WordSearch.swift */,
				2C61A4F321342B0F00CE69A2 /* Subsets.swift */,
				2C61A51D21356EA700CE69A2 /* Tree.swift */,
				2C8AC7F32139120300F35742 /* Trie.swift */,
				2C84FF33213BCE3600903F23 /* ArraySolution.swift */,
				2C5763B921420C49004A125D /* LinkList.cpp */,
				2C5763B821420C48004A125D /* leetcode-Bridging-Header.h */,
				2C5763BC2144B676004A125D /* Normal.swift */,
				2C57640C214A5BDC004A125D /* PriorityQueue.swift */,
			);
			path = leetcode;
			sourceTree = "<group>";
		};
/* End PBXGroup section */

/* Begin PBXNativeTarget section */
		2C61A4D721329A1600CE69A2 /* leetcode */ = {
			isa = PBXNativeTarget;
			buildConfigurationList = 2C61A4EA21329A1800CE69A2 /* Build configuration list for PBXNativeTarget "leetcode" */;
			buildPhases = (
				2C61A4D421329A1600CE69A2 /* Sources */,
				2C61A4D521329A1600CE69A2 /* Frameworks */,
				2C61A4D621329A1600CE69A2 /* Resources */,
			);
			buildRules = (
			);
			dependencies = (
			);
			name = leetcode;
			productName = leetcode;
			productReference = 2C61A4D821329A1600CE69A2 /* leetcode.app */;
			productType = "com.apple.product-type.application";
		};
/* End PBXNativeTarget section */

/* Begin PBXProject section */
		2C61A4D021329A1600CE69A2 /* Project object */ = {
			isa = PBXProject;
			attributes = {
				LastSwiftUpdateCheck = 0940;
				LastUpgradeCheck = 0940;
				ORGANIZATIONNAME = yellfun;
				TargetAttributes = {
					2C61A4D721329A1600CE69A2 = {
						CreatedOnToolsVersion = 9.4.1;
						LastSwiftMigration = 0940;
					};
				};
			};
			buildConfigurationList = 2C61A4D321329A1600CE69A2 /* Build configuration list for PBXProject "leetcode" */;
			compatibilityVersion = "Xcode 9.3";
			developmentRegion = en;
			hasScannedForEncodings = 0;
			knownRegions = (
				en,
				Base,
			);
			mainGroup = 2C61A4CF21329A1600CE69A2;
			productRefGroup = 2C61A4D921329A1600CE69A2 /* Products */;
			projectDirPath = "";
			projectRoot = "";
			targets = (
				2C61A4D721329A1600CE69A2 /* leetcode */,
			);
		};
/* End PBXProject section */

/* Begin PBXResourcesBuildPhase section */
		2C61A4D621329A1600CE69A2 /* Resources */ = {
			isa = PBXResourcesBuildPhase;
			buildActionMask = 2147483647;
			files = (
				2C61A4E621329A1800CE69A2 /* LaunchScreen.storyboard in Resources */,
				2C61A4E321329A1800CE69A2 /* Assets.xcassets in Resources */,
				2C61A4E121329A1600CE69A2 /* Main.storyboard in Resources */,
			);
			runOnlyForDeploymentPostprocessing = 0;
		};
/* End PBXResourcesBuildPhase section */

/* Begin PBXSourcesBuildPhase section */
		2C61A4D421329A1600CE69A2 /* Sources */ = {
			isa = PBXSourcesBuildPhase;
			buildActionMask = 2147483647;
			files = (
				2C61A4DE21329A1600CE69A2 /* ViewController.swift in Sources */,
				2C61A4F421342B0F00CE69A2 /* Subsets.swift in Sources */,
				2C61A4F2213412E400CE69A2 /* WordSearch.swift in Sources */,
				2C84FF34213BCE3600903F23 /* ArraySolution.swift in Sources */,
				2C61A51E21356EA700CE69A2 /* Tree.swift in Sources */,
				2C61A4DC21329A1600CE69A2 /* AppDelegate.swift in Sources */,
				2C5763BD2144B676004A125D /* Normal.swift in Sources */,
				2C57640D214A5BDC004A125D /* PriorityQueue.swift in Sources */,
				2C61A4EE2132AA5800CE69A2 /* Permute.swift in Sources */,
				2C5763BB214255E0004A125D /* LinkList.cpp in Sources */,
			);
			runOnlyForDeploymentPostprocessing = 0;
		};
/* End PBXSourcesBuildPhase section */

/* Begin PBXVariantGroup section */
		2C61A4DF21329A1600CE69A2 /* Main.storyboard */ = {
			isa = PBXVariantGroup;
			children = (
				2C61A4E021329A1600CE69A2 /* Base */,
			);
			name = Main.storyboard;
			sourceTree = "<group>";
		};
		2C61A4E421329A1800CE69A2 /* LaunchScreen.storyboard */ = {
			isa = PBXVariantGroup;
			children = (
				2C61A4E521329A1800CE69A2 /* Base */,
			);
			name = LaunchScreen.storyboard;
			sourceTree = "<group>";
		};
/* End PBXVariantGroup section */

/* Begin XCBuildConfiguration section */
		2C61A4E821329A1800CE69A2 /* Debug */ = {
			isa = XCBuildConfiguration;
			buildSettings = {
				ALWAYS_SEARCH_USER_PATHS = NO;
				CLANG_ANALYZER_NONNULL = YES;
				CLANG_ANALYZER_NUMBER_OBJECT_CONVERSION = YES_AGGRESSIVE;
				CLANG_CXX_LANGUAGE_STANDARD = "gnu++14";
				CLANG_CXX_LIBRARY = "libc++";
				CLANG_ENABLE_MODULES = YES;
				CLANG_ENABLE_OBJC_ARC = YES;
				CLANG_ENABLE_OBJC_WEAK = YES;
				CLANG_WARN_BLOCK_CAPTURE_AUTORELEASING = YES;
				CLANG_WARN_BOOL_CONVERSION = YES;
				CLANG_WARN_COMMA = YES;
				CLANG_WARN_CONSTANT_CONVERSION = YES;
				CLANG_WARN_DEPRECATED_OBJC_IMPLEMENTATIONS = YES;
				CLANG_WARN_DIRECT_OBJC_ISA_USAGE = YES_ERROR;
				CLANG_WARN_DOCUMENTATION_COMMENTS = YES;
				CLANG_WARN_EMPTY_BODY = YES;
				CLANG_WARN_ENUM_CONVERSION = YES;
				CLANG_WARN_INFINITE_RECURSION = YES;
				CLANG_WARN_INT_CONVERSION = YES;
				CLANG_WARN_NON_LITERAL_NULL_CONVERSION = YES;
				CLANG_WARN_OBJC_IMPLICIT_RETAIN_SELF = YES;
				CLANG_WARN_OBJC_LITERAL_CONVERSION = YES;
				CLANG_WARN_OBJC_ROOT_CLASS = YES_ERROR;
				CLANG_WARN_RANGE_LOOP_ANALYSIS = YES;
				CLANG_WARN_STRICT_PROTOTYPES = YES;
				CLANG_WARN_SUSPICIOUS_MOVE = YES;
				CLANG_WARN_UNGUARDED_AVAILABILITY = YES_AGGRESSIVE;
				CLANG_WARN_UNREACHABLE_CODE = YES;
				CLANG_WARN__DUPLICATE_METHOD_MATCH = YES;
				CODE_SIGN_IDENTITY = "iPhone Developer";
				COPY_PHASE_STRIP = NO;
				DEBUG_INFORMATION_FORMAT = dwarf;
				ENABLE_STRICT_OBJC_MSGSEND = YES;
				ENABLE_TESTABILITY = YES;
				GCC_C_LANGUAGE_STANDARD = gnu11;
				GCC_DYNAMIC_NO_PIC = NO;
				GCC_NO_COMMON_BLOCKS = YES;
				GCC_OPTIMIZATION_LEVEL = 0;
				GCC_PREPROCESSOR_DEFINITIONS = (
					"DEBUG=1",
					"$(inherited)",
				);
				GCC_WARN_64_TO_32_BIT_CONVERSION = YES;
				GCC_WARN_ABOUT_RETURN_TYPE = YES_ERROR;
				GCC_WARN_UNDECLARED_SELECTOR = YES;
				GCC_WARN_UNINITIALIZED_AUTOS = YES_AGGRESSIVE;
				GCC_WARN_UNUSED_FUNCTION = YES;
				GCC_WARN_UNUSED_VARIABLE = YES;
				IPHONEOS_DEPLOYMENT_TARGET = 11.4;
				MTL_ENABLE_DEBUG_INFO = YES;
				ONLY_ACTIVE_ARCH = YES;
				SDKROOT = iphoneos;
				SWIFT_ACTIVE_COMPILATION_CONDITIONS = DEBUG;
				SWIFT_OPTIMIZATION_LEVEL = "-Onone";
			};
			name = Debug;
		};
		2C61A4E921329A1800CE69A2 /* Release */ = {
			isa = XCBuildConfiguration;
			buildSettings = {
				ALWAYS_SEARCH_USER_PATHS = NO;
				CLANG_ANALYZER_NONNULL = YES;
				CLANG_ANALYZER_NUMBER_OBJECT_CONVERSION = YES_AGGRESSIVE;
				CLANG_CXX_LANGUAGE_STANDARD = "gnu++14";
				CLANG_CXX_LIBRARY = "libc++";
				CLANG_ENABLE_MODULES = YES;
				CLANG_ENABLE_OBJC_ARC = YES;
				CLANG_ENABLE_OBJC_WEAK = YES;
				CLANG_WARN_BLOCK_CAPTURE_AUTORELEASING = YES;
				CLANG_WARN_BOOL_CONVERSION = YES;
				CLANG_WARN_COMMA = YES;
				CLANG_WARN_CONSTANT_CONVERSION = YES;
				CLANG_WARN_DEPRECATED_OBJC_IMPLEMENTATIONS = YES;
				CLANG_WARN_DIRECT_OBJC_ISA_USAGE = YES_ERROR;
				CLANG_WARN_DOCUMENTATION_COMMENTS = YES;
				CLANG_WARN_EMPTY_BODY = YES;
				CLANG_WARN_ENUM_CONVERSION = YES;
				CLANG_WARN_INFINITE_RECURSION = YES;
				CLANG_WARN_INT_CONVERSION = YES;
				CLANG_WARN_NON_LITERAL_NULL_CONVERSION = YES;
				CLANG_WARN_OBJC_IMPLICIT_RETAIN_SELF = YES;
				CLANG_WARN_OBJC_LITERAL_CONVERSION = YES;
				CLANG_WARN_OBJC_ROOT_CLASS = YES_ERROR;
				CLANG_WARN_RANGE_LOOP_ANALYSIS = YES;
				CLANG_WARN_STRICT_PROTOTYPES = YES;
				CLANG_WARN_SUSPICIOUS_MOVE = YES;
				CLANG_WARN_UNGUARDED_AVAILABILITY = YES_AGGRESSIVE;
				CLANG_WARN_UNREACHABLE_CODE = YES;
				CLANG_WARN__DUPLICATE_METHOD_MATCH = YES;
				CODE_SIGN_IDENTITY = "iPhone Developer";
				COPY_PHASE_STRIP = NO;
				DEBUG_INFORMATION_FORMAT = "dwarf-with-dsym";
				ENABLE_NS_ASSERTIONS = NO;
				ENABLE_STRICT_OBJC_MSGSEND = YES;
				GCC_C_LANGUAGE_STANDARD = gnu11;
				GCC_NO_COMMON_BLOCKS = YES;
				GCC_WARN_64_TO_32_BIT_CONVERSION = YES;
				GCC_WARN_ABOUT_RETURN_TYPE = YES_ERROR;
				GCC_WARN_UNDECLARED_SELECTOR = YES;
				GCC_WARN_UNINITIALIZED_AUTOS = YES_AGGRESSIVE;
				GCC_WARN_UNUSED_FUNCTION = YES;
				GCC_WARN_UNUSED_VARIABLE = YES;
				IPHONEOS_DEPLOYMENT_TARGET = 11.4;
				MTL_ENABLE_DEBUG_INFO = NO;
				SDKROOT = iphoneos;
				SWIFT_COMPILATION_MODE = wholemodule;
				SWIFT_OPTIMIZATION_LEVEL = "-O";
				VALIDATE_PRODUCT = YES;
			};
			name = Release;
		};
		2C61A4EB21329A1800CE69A2 /* Debug */ = {
			isa = XCBuildConfiguration;
			buildSettings = {
				ASSETCATALOG_COMPILER_APPICON_NAME = AppIcon;
				CLANG_ENABLE_MODULES = YES;
				CODE_SIGN_STYLE = Automatic;
				DEVELOPMENT_TEAM = 6T39E5QM8Q;
				INFOPLIST_FILE = leetcode/Info.plist;
				LD_RUNPATH_SEARCH_PATHS = (
					"$(inherited)",
					"@executable_path/Frameworks",
				);
				PRODUCT_BUNDLE_IDENTIFIER = com.yellfun.leetcode;
				PRODUCT_NAME = "$(TARGET_NAME)";
				SWIFT_OBJC_BRIDGING_HEADER = "leetcode/leetcode-Bridging-Header.h";
				SWIFT_OPTIMIZATION_LEVEL = "-Onone";
				SWIFT_VERSION = 4.0;
				TARGETED_DEVICE_FAMILY = "1,2";
			};
			name = Debug;
		};
		2C61A4EC21329A1800CE69A2 /* Release */ = {
			isa = XCBuildConfiguration;
			buildSettings = {
				ASSETCATALOG_COMPILER_APPICON_NAME = AppIcon;
				CLANG_ENABLE_MODULES = YES;
				CODE_SIGN_STYLE = Automatic;
				DEVELOPMENT_TEAM = 6T39E5QM8Q;
				INFOPLIST_FILE = leetcode/Info.plist;
				LD_RUNPATH_SEARCH_PATHS = (
					"$(inherited)",
					"@executable_path/Frameworks",
				);
				PRODUCT_BUNDLE_IDENTIFIER = com.yellfun.leetcode;
				PRODUCT_NAME = "$(TARGET_NAME)";
				SWIFT_OBJC_BRIDGING_HEADER = "leetcode/leetcode-Bridging-Header.h";
				SWIFT_VERSION = 4.0;
				TARGETED_DEVICE_FAMILY = "1,2";
			};
			name = Release;
		};
/* End XCBuildConfiguration section */

/* Begin XCConfigurationList section */
		2C61A4D321329A1600CE69A2 /* Build configuration list for PBXProject "leetcode" */ = {
			isa = XCConfigurationList;
			buildConfigurations = (
				2C61A4E821329A1800CE69A2 /* Debug */,
				2C61A4E921329A1800CE69A2 /* Release */,
			);
			defaultConfigurationIsVisible = 0;
			defaultConfigurationName = Release;
		};
		2C61A4EA21329A1800CE69A2 /* Build configuration list for PBXNativeTarget "leetcode" */ = {
			isa = XCConfigurationList;
			buildConfigurations = (
				2C61A4EB21329A1800CE69A2 /* Debug */,
				2C61A4EC21329A1800CE69A2 /* Release */,
			);
			defaultConfigurationIsVisible = 0;
			defaultConfigurationName = Release;
		};
/* End XCConfigurationList section */
	};
	rootObject = 2C61A4D021329A1600CE69A2 /* Project object */;
}
